
Microsoft Visual Studio Solution File, Format Version 12.00
# Visual Studio Version 16
VisualStudioVersion = 16.0.30104.148
MinimumVisualStudioVersion = 10.0.40219.1
Project("{FAE04EC0-301F-11D3-BF4B-00C04F79EFBC}") = "GeneratorDokumentowWPF", "GeneratorDokumentowWPF\GeneratorDokumentowWPF.csproj", "{DA6AE3F0-5FB3-41A1-B243-BF8139F9202A}"
EndProject
Project("{FAE04EC0-301F-11D3-BF4B-00C04F79EFBC}") = "XUnitTestProject1", "XUnitTestProject1\XUnitTestProject1.csproj", "{5B06DE30-BB7D-4D16-A937-2C4B5AE8065A}"
EndProject
Global
	GlobalSection(SolutionConfigurationPlatforms) = preSolution
		Debug|Any CPU = Debug|Any CPU
		Release|Any CPU = Release|Any CPU
	EndGlobalSection
	GlobalSection(ProjectConfigurationPlatforms) = postSolution
		{DA6AE3F0-5FB3-41A1-B243-BF8139F9202A}.Debug|Any CPU.ActiveCfg = Debug|Any CPU
		{DA6AE3F0-5FB3-41A1-B243-BF8139F9202A}.Debug|Any CPU.Build.0 = Debug|Any CPU
		{DA6AE3F0-5FB3-41A1-B243-BF8139F9202A}.Release|Any CPU.ActiveCfg = Release|Any CPU
		{DA6AE3F0-5FB3-41A1-B243-BF8139F9202A}.Release|Any CPU.Build.0 = Release|Any CPU
		{5B06DE30-BB7D-4D16-A937-2C4B5AE8065A}.Debug|Any CPU.ActiveCfg = Debug|Any CPU
		{5B06DE30-BB7D-4D16-A937-2C4B5AE8065A}.Debug|Any CPU.Build.0 = Debug|Any CPU
		{5B06DE30-BB7D-4D16-A937-2C4B5AE8065A}.Release|Any CPU.ActiveCfg = Release|Any CPU
		{5B06DE30-BB7D-4D16-A937-2C4B5AE8065A}.Release|Any CPU.Build.0 = Release|Any CPU
	EndGlobalSection
	GlobalSection(SolutionProperties) = preSolution
		HideSolutionNode = FALSE
	EndGlobalSection
	GlobalSection(ExtensibilityGlobals) = postSolution
		SolutionGuid = {1C560E1B-C5E0-48F2-AED8-B7D7410D3729}
	EndGlobalSection
EndGlobal
